
Microsoft Visual Studio Solution File, Format Version 12.00
Project("{FAE04EC0-301F-11D3-BF4B-00C04F79EFBC}") = "SRP", "SRP\SRP.csproj", "{F4458C7F-9E98-42AA-A04D-D205A32BC11A}"
EndProject
Project("{FAE04EC0-301F-11D3-BF4B-00C04F79EFBC}") = "OC", "OC\OC.csproj", "{E48D7F13-DB19-4091-9AE9-872E53F4AD50}"
EndProject
Project("{FAE04EC0-301F-11D3-BF4B-00C04F79EFBC}") = "LSP", "LSP\LSP.csproj", "{6B439CAE-C49D-4427-988A-D578AF544DDC}"
EndProject
Project("{FAE04EC0-301F-11D3-BF4B-00C04F79EFBC}") = "ISP", "ISP\ISP.csproj", "{B6D78D3E-BE53-4966-A99B-31C68ED4B78F}"
EndProject
Global
	GlobalSection(SolutionConfigurationPlatforms) = preSolution
		Debug|Any CPU = Debug|Any CPU
		Release|Any CPU = Release|Any CPU
	EndGlobalSection
	GlobalSection(ProjectConfigurationPlatforms) = postSolution
		{F4458C7F-9E98-42AA-A04D-D205A32BC11A}.Debug|Any CPU.ActiveCfg = Debug|Any CPU
		{F4458C7F-9E98-42AA-A04D-D205A32BC11A}.Debug|Any CPU.Build.0 = Debug|Any CPU
		{F4458C7F-9E98-42AA-A04D-D205A32BC11A}.Release|Any CPU.ActiveCfg = Release|Any CPU
		{F4458C7F-9E98-42AA-A04D-D205A32BC11A}.Release|Any CPU.Build.0 = Release|Any CPU
		{E48D7F13-DB19-4091-9AE9-872E53F4AD50}.Debug|Any CPU.ActiveCfg = Debug|Any CPU
		{E48D7F13-DB19-4091-9AE9-872E53F4AD50}.Debug|Any CPU.Build.0 = Debug|Any CPU
		{E48D7F13-DB19-4091-9AE9-872E53F4AD50}.Release|Any CPU.ActiveCfg = Release|Any CPU
		{E48D7F13-DB19-4091-9AE9-872E53F4AD50}.Release|Any CPU.Build.0 = Release|Any CPU
		{6B439CAE-C49D-4427-988A-D578AF544DDC}.Debug|Any CPU.ActiveCfg = Debug|Any CPU
		{6B439CAE-C49D-4427-988A-D578AF544DDC}.Debug|Any CPU.Build.0 = Debug|Any CPU
		{6B439CAE-C49D-4427-988A-D578AF544DDC}.Release|Any CPU.ActiveCfg = Release|Any CPU
		{6B439CAE-C49D-4427-988A-D578AF544DDC}.Release|Any CPU.Build.0 = Release|Any CPU
		{B6D78D3E-BE53-4966-A99B-31C68ED4B78F}.Debug|Any CPU.ActiveCfg = Debug|Any CPU
		{B6D78D3E-BE53-4966-A99B-31C68ED4B78F}.Debug|Any CPU.Build.0 = Debug|Any CPU
		{B6D78D3E-BE53-4966-A99B-31C68ED4B78F}.Release|Any CPU.ActiveCfg = Release|Any CPU
		{B6D78D3E-BE53-4966-A99B-31C68ED4B78F}.Release|Any CPU.Build.0 = Release|Any CPU
	EndGlobalSection
EndGlobal
